
Microsoft Visual Studio Solution File, Format Version 12.00
# Visual Studio Version 17
VisualStudioVersion = 17.7.34031.279
MinimumVisualStudioVersion = 10.0.40219.1
Project("{FAE04EC0-301F-11D3-BF4B-00C04F79EFBC}") = "FichesAnimaux", "FichesAnimaux\FichesAnimaux.csproj", "{CC607C68-246A-477D-8E06-8D1C6A900116}"
EndProject
Global
	GlobalSection(SolutionConfigurationPlatforms) = preSolution
		Debug|Any CPU = Debug|Any CPU
		Release|Any CPU = Release|Any CPU
	EndGlobalSection
	GlobalSection(ProjectConfigurationPlatforms) = postSolution
		{CC607C68-246A-477D-8E06-8D1C6A900116}.Debug|Any CPU.ActiveCfg = Debug|Any CPU
		{CC607C68-246A-477D-8E06-8D1C6A900116}.Debug|Any CPU.Build.0 = Debug|Any CPU
		{CC607C68-246A-477D-8E06-8D1C6A900116}.Release|Any CPU.ActiveCfg = Release|Any CPU
		{CC607C68-246A-477D-8E06-8D1C6A900116}.Release|Any CPU.Build.0 = Release|Any CPU
	EndGlobalSection
	GlobalSection(SolutionProperties) = preSolution
		HideSolutionNode = FALSE
	EndGlobalSection
	GlobalSection(ExtensibilityGlobals) = postSolution
		SolutionGuid = {1D151315-5314-453A-BCA5-BDC5C1B99D00}
	EndGlobalSection
EndGlobal
